// !$*UTF8*$!
{
	archiveVersion = 1;
	classes = {
	};
	objectVersion = 56;
	objects = {

/* Begin PBXBuildFile section */
		815326BE2AEB9775000490E7 /* gitcooperetionsampleApp.swift in Sources */ = {isa = PBXBuildFile; fileRef = 815326BD2AEB9775000490E7 /* gitcooperetionsampleApp.swift */; };
		815326C02AEB9775000490E7 /* ContentView.swift in Sources */ = {isa = PBXBuildFile; fileRef = 815326BF2AEB9775000490E7 /* ContentView.swift */; };
		815326C22AEB9777000490E7 /* Assets.xcassets in Resources */ = {isa = PBXBuildFile; fileRef = 815326C12AEB9777000490E7 /* Assets.xcassets */; };
		815326C62AEB9777000490E7 /* Preview Assets.xcassets in Resources */ = {isa = PBXBuildFile; fileRef = 815326C52AEB9777000490E7 /* Preview Assets.xcassets */; };
		815326D02AEB9777000490E7 /* gitcooperetionsampleTests.swift in Sources */ = {isa = PBXBuildFile; fileRef = 815326CF2AEB9777000490E7 /* gitcooperetionsampleTests.swift */; };
		815326DA2AEB9777000490E7 /* gitcooperetionsampleUITests.swift in Sources */ = {isa = PBXBuildFile; fileRef = 815326D92AEB9777000490E7 /* gitcooperetionsampleUITests.swift */; };
		815326DC2AEB9777000490E7 /* gitcooperetionsampleUITestsLaunchTests.swift in Sources */ = {isa = PBXBuildFile; fileRef = 815326DB2AEB9777000490E7 /* gitcooperetionsampleUITestsLaunchTests.swift */; };
/* End PBXBuildFile section */

/* Begin PBXContainerItemProxy section */
		815326CC2AEB9777000490E7 /* PBXContainerItemProxy */ = {
			isa = PBXContainerItemProxy;
			containerPortal = 815326B22AEB9775000490E7 /* Project object */;
			proxyType = 1;
			remoteGlobalIDString = 815326B92AEB9775000490E7;
			remoteInfo = gitcooperetionsample;
		};
		815326D62AEB9777000490E7 /* PBXContainerItemProxy */ = {
			isa = PBXContainerItemProxy;
			containerPortal = 815326B22AEB9775000490E7 /* Project object */;
			proxyType = 1;
			remoteGlobalIDString = 815326B92AEB9775000490E7;
			remoteInfo = gitcooperetionsample;
		};
/* End PBXContainerItemProxy section */

/* Begin PBXFileReference section */
		815326BA2AEB9775000490E7 /* gitcooperetionsample.app */ = {isa = PBXFileReference; explicitFileType = wrapper.application; includeInIndex = 0; path = gitcooperetionsample.app; sourceTree = BUILT_PRODUCTS_DIR; };
		815326BD2AEB9775000490E7 /* gitcooperetionsampleApp.swift */ = {isa = PBXFileReference; lastKnownFileType = sourcecode.swift; path = gitcooperetionsampleApp.swift; sourceTree = "<group>"; };
		815326BF2AEB9775000490E7 /* ContentView.swift */ = {isa = PBXFileReference; lastKnownFileType = sourcecode.swift; path = ContentView.swift; sourceTree = "<group>"; };
		815326C12AEB9777000490E7 /* Assets.xcassets */ = {isa = PBXFileReference; lastKnownFileType = folder.assetcatalog; path = Assets.xcassets; sourceTree = "<group>"; };
		815326C32AEB9777000490E7 /* gitcooperetionsample.entitlements */ = {isa = PBXFileReference; lastKnownFileType = text.plist.entitlements; path = gitcooperetionsample.entitlements; sourceTree = "<group>"; };
		815326C52AEB9777000490E7 /* Preview Assets.xcassets */ = {isa = PBXFileReference; lastKnownFileType = folder.assetcatalog; path = "Preview Assets.xcassets"; sourceTree = "<group>"; };
		815326CB2AEB9777000490E7 /* gitcooperetionsampleTests.xctest */ = {isa = PBXFileReference; explicitFileType = wrapper.cfbundle; includeInIndex = 0; path = gitcooperetionsampleTests.xctest; sourceTree = BUILT_PRODUCTS_DIR; };
		815326CF2AEB9777000490E7 /* gitcooperetionsampleTests.swift */ = {isa = PBXFileReference; lastKnownFileType = sourcecode.swift; path = gitcooperetionsampleTests.swift; sourceTree = "<group>"; };
		815326D52AEB9777000490E7 /* gitcooperetionsampleUITests.xctest */ = {isa = PBXFileReference; explicitFileType = wrapper.cfbundle; includeInIndex = 0; path = gitcooperetionsampleUITests.xctest; sourceTree = BUILT_PRODUCTS_DIR; };
		815326D92AEB9777000490E7 /* gitcooperetionsampleUITests.swift */ = {isa = PBXFileReference; lastKnownFileType = sourcecode.swift; path = gitcooperetionsampleUITests.swift; sourceTree = "<group>"; };
		815326DB2AEB9777000490E7 /* gitcooperetionsampleUITestsLaunchTests.swift */ = {isa = PBXFileReference; lastKnownFileType = sourcecode.swift; path = gitcooperetionsampleUITestsLaunchTests.swift; sourceTree = "<group>"; };
/* End PBXFileReference section */

/* Begin PBXFrameworksBuildPhase section */
		815326B72AEB9775000490E7 /* Frameworks */ = {
			isa = PBXFrameworksBuildPhase;
			buildActionMask = 2147483647;
			files = (
			);
			runOnlyForDeploymentPostprocessing = 0;
		};
		815326C82AEB9777000490E7 /* Frameworks */ = {
			isa = PBXFrameworksBuildPhase;
			buildActionMask = 2147483647;
			files = (
			);
			runOnlyForDeploymentPostprocessing = 0;
		};
		815326D22AEB9777000490E7 /* Frameworks */ = {
			isa = PBXFrameworksBuildPhase;
			buildActionMask = 2147483647;
			files = (
			);
			runOnlyForDeploymentPostprocessing = 0;
		};
/* End PBXFrameworksBuildPhase section */

/* Begin PBXGroup section */
		815326B12AEB9775000490E7 = {
			isa = PBXGroup;
			children = (
				815326BC2AEB9775000490E7 /* gitcooperetionsample */,
				815326CE2AEB9777000490E7 /* gitcooperetionsampleTests */,
				815326D82AEB9777000490E7 /* gitcooperetionsampleUITests */,
				815326BB2AEB9775000490E7 /* Products */,
			);
			sourceTree = "<group>";
		};
		815326BB2AEB9775000490E7 /* Products */ = {
			isa = PBXGroup;
			children = (
				815326BA2AEB9775000490E7 /* gitcooperetionsample.app */,
				815326CB2AEB9777000490E7 /* gitcooperetionsampleTests.xctest */,
				815326D52AEB9777000490E7 /* gitcooperetionsampleUITests.xctest */,
			);
			name = Products;
			sourceTree = "<group>";
		};
		815326BC2AEB9775000490E7 /* gitcooperetionsample */ = {
			isa = PBXGroup;
			children = (
				815326BD2AEB9775000490E7 /* gitcooperetionsampleApp.swift */,
				815326BF2AEB9775000490E7 /* ContentView.swift */,
				815326C12AEB9777000490E7 /* Assets.xcassets */,
				815326C32AEB9777000490E7 /* gitcooperetionsample.entitlements */,
				815326C42AEB9777000490E7 /* Preview Content */,
			);
			path = gitcooperetionsample;
			sourceTree = "<group>";
		};
		815326C42AEB9777000490E7 /* Preview Content */ = {
			isa = PBXGroup;
			children = (
				815326C52AEB9777000490E7 /* Preview Assets.xcassets */,
			);
			path = "Preview Content";
			sourceTree = "<group>";
		};
		815326CE2AEB9777000490E7 /* gitcooperetionsampleTests */ = {
			isa = PBXGroup;
			children = (
				815326CF2AEB9777000490E7 /* gitcooperetionsampleTests.swift */,
			);
			path = gitcooperetionsampleTests;
			sourceTree = "<group>";
		};
		815326D82AEB9777000490E7 /* gitcooperetionsampleUITests */ = {
			isa = PBXGroup;
			children = (
				815326D92AEB9777000490E7 /* gitcooperetionsampleUITests.swift */,
				815326DB2AEB9777000490E7 /* gitcooperetionsampleUITestsLaunchTests.swift */,
			);
			path = gitcooperetionsampleUITests;
			sourceTree = "<group>";
		};
/* End PBXGroup section */

/* Begin PBXNativeTarget section */
		815326B92AEB9775000490E7 /* gitcooperetionsample */ = {
			isa = PBXNativeTarget;
			buildConfigurationList = 815326DF2AEB9777000490E7 /* Build configuration list for PBXNativeTarget "gitcooperetionsample" */;
			buildPhases = (
				815326B62AEB9775000490E7 /* Sources */,
				815326B72AEB9775000490E7 /* Frameworks */,
				815326B82AEB9775000490E7 /* Resources */,
			);
			buildRules = (
			);
			dependencies = (
			);
			name = gitcooperetionsample;
			productName = gitcooperetionsample;
			productReference = 815326BA2AEB9775000490E7 /* gitcooperetionsample.app */;
			productType = "com.apple.product-type.application";
		};
		815326CA2AEB9777000490E7 /* gitcooperetionsampleTests */ = {
			isa = PBXNativeTarget;
			buildConfigurationList = 815326E22AEB9777000490E7 /* Build configuration list for PBXNativeTarget "gitcooperetionsampleTests" */;
			buildPhases = (
				815326C72AEB9777000490E7 /* Sources */,
				815326C82AEB9777000490E7 /* Frameworks */,
				815326C92AEB9777000490E7 /* Resources */,
			);
			buildRules = (
			);
			dependencies = (
				815326CD2AEB9777000490E7 /* PBXTargetDependency */,
			);
			name = gitcooperetionsampleTests;
			productName = gitcooperetionsampleTests;
			productReference = 815326CB2AEB9777000490E7 /* gitcooperetionsampleTests.xctest */;
			productType = "com.apple.product-type.bundle.unit-test";
		};
		815326D42AEB9777000490E7 /* gitcooperetionsampleUITests */ = {
			isa = PBXNativeTarget;
			buildConfigurationList = 815326E52AEB9777000490E7 /* Build configuration list for PBXNativeTarget "gitcooperetionsampleUITests" */;
			buildPhases = (
				815326D12AEB9777000490E7 /* Sources */,
				815326D22AEB9777000490E7 /* Frameworks */,
				815326D32AEB9777000490E7 /* Resources */,
			);
			buildRules = (
			);
			dependencies = (
				815326D72AEB9777000490E7 /* PBXTargetDependency */,
			);
			name = gitcooperetionsampleUITests;
			productName = gitcooperetionsampleUITests;
			productReference = 815326D52AEB9777000490E7 /* gitcooperetionsampleUITests.xctest */;
			productType = "com.apple.product-type.bundle.ui-testing";
		};
/* End PBXNativeTarget section */

/* Begin PBXProject section */
		815326B22AEB9775000490E7 /* Project object */ = {
			isa = PBXProject;
			attributes = {
				BuildIndependentTargetsInParallel = 1;
				LastSwiftUpdateCheck = 1430;
				LastUpgradeCheck = 1430;
				TargetAttributes = {
					815326B92AEB9775000490E7 = {
						CreatedOnToolsVersion = 14.3.1;
					};
					815326CA2AEB9777000490E7 = {
						CreatedOnToolsVersion = 14.3.1;
						TestTargetID = 815326B92AEB9775000490E7;
					};
					815326D42AEB9777000490E7 = {
						CreatedOnToolsVersion = 14.3.1;
						TestTargetID = 815326B92AEB9775000490E7;
					};
				};
			};
			buildConfigurationList = 815326B52AEB9775000490E7 /* Build configuration list for PBXProject "gitcooperetionsample" */;
			compatibilityVersion = "Xcode 14.0";
			developmentRegion = en;
			hasScannedForEncodings = 0;
			knownRegions = (
				en,
				Base,
			);
			mainGroup = 815326B12AEB9775000490E7;
			productRefGroup = 815326BB2AEB9775000490E7 /* Products */;
			projectDirPath = "";
			projectRoot = "";
			targets = (
				815326B92AEB9775000490E7 /* gitcooperetionsample */,
				815326CA2AEB9777000490E7 /* gitcooperetionsampleTests */,
				815326D42AEB9777000490E7 /* gitcooperetionsampleUITests */,
			);
		};
/* End PBXProject section */

/* Begin PBXResourcesBuildPhase section */
		815326B82AEB9775000490E7 /* Resources */ = {
			isa = PBXResourcesBuildPhase;
			buildActionMask = 2147483647;
			files = (
				815326C62AEB9777000490E7 /* Preview Assets.xcassets in Resources */,
				815326C22AEB9777000490E7 /* Assets.xcassets in Resources */,
			);
			runOnlyForDeploymentPostprocessing = 0;
		};
		815326C92AEB9777000490E7 /* Resources */ = {
			isa = PBXResourcesBuildPhase;
			buildActionMask = 2147483647;
			files = (
			);
			runOnlyForDeploymentPostprocessing = 0;
		};
		815326D32AEB9777000490E7 /* Resources */ = {
			isa = PBXResourcesBuildPhase;
			buildActionMask = 2147483647;
			files = (
			);
			runOnlyForDeploymentPostprocessing = 0;
		};
/* End PBXResourcesBuildPhase section */

/* Begin PBXSourcesBuildPhase section */
		815326B62AEB9775000490E7 /* Sources */ = {
			isa = PBXSourcesBuildPhase;
			buildActionMask = 2147483647;
			files = (
				815326C02AEB9775000490E7 /* ContentView.swift in Sources */,
				815326BE2AEB9775000490E7 /* gitcooperetionsampleApp.swift in Sources */,
			);
			runOnlyForDeploymentPostprocessing = 0;
		};
		815326C72AEB9777000490E7 /* Sources */ = {
			isa = PBXSourcesBuildPhase;
			buildActionMask = 2147483647;
			files = (
				815326D02AEB9777000490E7 /* gitcooperetionsampleTests.swift in Sources */,
			);
			runOnlyForDeploymentPostprocessing = 0;
		};
		815326D12AEB9777000490E7 /* Sources */ = {
			isa = PBXSourcesBuildPhase;
			buildActionMask = 2147483647;
			files = (
				815326DA2AEB9777000490E7 /* gitcooperetionsampleUITests.swift in Sources */,
				815326DC2AEB9777000490E7 /* gitcooperetionsampleUITestsLaunchTests.swift in Sources */,
			);
			runOnlyForDeploymentPostprocessing = 0;
		};
/* End PBXSourcesBuildPhase section */

/* Begin PBXTargetDependency section */
		815326CD2AEB9777000490E7 /* PBXTargetDependency */ = {
			isa = PBXTargetDependency;
			target = 815326B92AEB9775000490E7 /* gitcooperetionsample */;
			targetProxy = 815326CC2AEB9777000490E7 /* PBXContainerItemProxy */;
		};
		815326D72AEB9777000490E7 /* PBXTargetDependency */ = {
			isa = PBXTargetDependency;
			target = 815326B92AEB9775000490E7 /* gitcooperetionsample */;
			targetProxy = 815326D62AEB9777000490E7 /* PBXContainerItemProxy */;
		};
/* End PBXTargetDependency section */

/* Begin XCBuildConfiguration section */
		815326DD2AEB9777000490E7 /* Debug */ = {
			isa = XCBuildConfiguration;
			buildSettings = {
				ALWAYS_SEARCH_USER_PATHS = NO;
				CLANG_ANALYZER_NONNULL = YES;
				CLANG_ANALYZER_NUMBER_OBJECT_CONVERSION = YES_AGGRESSIVE;
				CLANG_CXX_LANGUAGE_STANDARD = "gnu++20";
				CLANG_ENABLE_MODULES = YES;
				CLANG_ENABLE_OBJC_ARC = YES;
				CLANG_ENABLE_OBJC_WEAK = YES;
				CLANG_WARN_BLOCK_CAPTURE_AUTORELEASING = YES;
				CLANG_WARN_BOOL_CONVERSION = YES;
				CLANG_WARN_COMMA = YES;
				CLANG_WARN_CONSTANT_CONVERSION = YES;
				CLANG_WARN_DEPRECATED_OBJC_IMPLEMENTATIONS = YES;
				CLANG_WARN_DIRECT_OBJC_ISA_USAGE = YES_ERROR;
				CLANG_WARN_DOCUMENTATION_COMMENTS = YES;
				CLANG_WARN_EMPTY_BODY = YES;
				CLANG_WARN_ENUM_CONVERSION = YES;
				CLANG_WARN_INFINITE_RECURSION = YES;
				CLANG_WARN_INT_CONVERSION = YES;
				CLANG_WARN_NON_LITERAL_NULL_CONVERSION = YES;
				CLANG_WARN_OBJC_IMPLICIT_RETAIN_SELF = YES;
				CLANG_WARN_OBJC_LITERAL_CONVERSION = YES;
				CLANG_WARN_OBJC_ROOT_CLASS = YES_ERROR;
				CLANG_WARN_QUOTED_INCLUDE_IN_FRAMEWORK_HEADER = YES;
				CLANG_WARN_RANGE_LOOP_ANALYSIS = YES;
				CLANG_WARN_STRICT_PROTOTYPES = YES;
				CLANG_WARN_SUSPICIOUS_MOVE = YES;
				CLANG_WARN_UNGUARDED_AVAILABILITY = YES_AGGRESSIVE;
				CLANG_WARN_UNREACHABLE_CODE = YES;
				CLANG_WARN__DUPLICATE_METHOD_MATCH = YES;
				COPY_PHASE_STRIP = NO;
				DEBUG_INFORMATION_FORMAT = dwarf;
				ENABLE_STRICT_OBJC_MSGSEND = YES;
				ENABLE_TESTABILITY = YES;
				GCC_C_LANGUAGE_STANDARD = gnu11;
				GCC_DYNAMIC_NO_PIC = NO;
				GCC_NO_COMMON_BLOCKS = YES;
				GCC_OPTIMIZATION_LEVEL = 0;
				GCC_PREPROCESSOR_DEFINITIONS = (
					"DEBUG=1",
					"$(inherited)",
				);
				GCC_WARN_64_TO_32_BIT_CONVERSION = YES;
				GCC_WARN_ABOUT_RETURN_TYPE = YES_ERROR;
				GCC_WARN_UNDECLARED_SELECTOR = YES;
				GCC_WARN_UNINITIALIZED_AUTOS = YES_AGGRESSIVE;
				GCC_WARN_UNUSED_FUNCTION = YES;
				GCC_WARN_UNUSED_VARIABLE = YES;
				MTL_ENABLE_DEBUG_INFO = INCLUDE_SOURCE;
				MTL_FAST_MATH = YES;
				ONLY_ACTIVE_ARCH = YES;
				SWIFT_ACTIVE_COMPILATION_CONDITIONS = DEBUG;
				SWIFT_OPTIMIZATION_LEVEL = "-Onone";
			};
			name = Debug;
		};
		815326DE2AEB9777000490E7 /* Release */ = {
			isa = XCBuildConfiguration;
			buildSettings = {
				ALWAYS_SEARCH_USER_PATHS = NO;
				CLANG_ANALYZER_NONNULL = YES;
				CLANG_ANALYZER_NUMBER_OBJECT_CONVERSION = YES_AGGRESSIVE;
				CLANG_CXX_LANGUAGE_STANDARD = "gnu++20";
				CLANG_ENABLE_MODULES = YES;
				CLANG_ENABLE_OBJC_ARC = YES;
				CLANG_ENABLE_OBJC_WEAK = YES;
				CLANG_WARN_BLOCK_CAPTURE_AUTORELEASING = YES;
				CLANG_WARN_BOOL_CONVERSION = YES;
				CLANG_WARN_COMMA = YES;
				CLANG_WARN_CONSTANT_CONVERSION = YES;
				CLANG_WARN_DEPRECATED_OBJC_IMPLEMENTATIONS = YES;
				CLANG_WARN_DIRECT_OBJC_ISA_USAGE = YES_ERROR;
				CLANG_WARN_DOCUMENTATION_COMMENTS = YES;
				CLANG_WARN_EMPTY_BODY = YES;
				CLANG_WARN_ENUM_CONVERSION = YES;
				CLANG_WARN_INFINITE_RECURSION = YES;
				CLANG_WARN_INT_CONVERSION = YES;
				CLANG_WARN_NON_LITERAL_NULL_CONVERSION = YES;
				CLANG_WARN_OBJC_IMPLICIT_RETAIN_SELF = YES;
				CLANG_WARN_OBJC_LITERAL_CONVERSION = YES;
				CLANG_WARN_OBJC_ROOT_CLASS = YES_ERROR;
				CLANG_WARN_QUOTED_INCLUDE_IN_FRAMEWORK_HEADER = YES;
				CLANG_WARN_RANGE_LOOP_ANALYSIS = YES;
				CLANG_WARN_STRICT_PROTOTYPES = YES;
				CLANG_WARN_SUSPICIOUS_MOVE = YES;
				CLANG_WARN_UNGUARDED_AVAILABILITY = YES_AGGRESSIVE;
				CLANG_WARN_UNREACHABLE_CODE = YES;
				CLANG_WARN__DUPLICATE_METHOD_MATCH = YES;
				COPY_PHASE_STRIP = NO;
				DEBUG_INFORMATION_FORMAT = "dwarf-with-dsym";
				ENABLE_NS_ASSERTIONS = NO;
				ENABLE_STRICT_OBJC_MSGSEND = YES;
				GCC_C_LANGUAGE_STANDARD = gnu11;
				GCC_NO_COMMON_BLOCKS = YES;
				GCC_WARN_64_TO_32_BIT_CONVERSION = YES;
				GCC_WARN_ABOUT_RETURN_TYPE = YES_ERROR;
				GCC_WARN_UNDECLARED_SELECTOR = YES;
				GCC_WARN_UNINITIALIZED_AUTOS = YES_AGGRESSIVE;
				GCC_WARN_UNUSED_FUNCTION = YES;
				GCC_WARN_UNUSED_VARIABLE = YES;
				MTL_ENABLE_DEBUG_INFO = NO;
				MTL_FAST_MATH = YES;
				SWIFT_COMPILATION_MODE = wholemodule;
				SWIFT_OPTIMIZATION_LEVEL = "-O";
			};
			name = Release;
		};
		815326E02AEB9777000490E7 /* Debug */ = {
			isa = XCBuildConfiguration;
			buildSettings = {
				ASSETCATALOG_COMPILER_APPICON_NAME = AppIcon;
				ASSETCATALOG_COMPILER_GLOBAL_ACCENT_COLOR_NAME = AccentColor;
				CODE_SIGN_ENTITLEMENTS = gitcooperetionsample/gitcooperetionsample.entitlements;
				CODE_SIGN_STYLE = Automatic;
				CURRENT_PROJECT_VERSION = 1;
				DEVELOPMENT_ASSET_PATHS = "\"gitcooperetionsample/Preview Content\"";
				ENABLE_PREVIEWS = YES;
				GENERATE_INFOPLIST_FILE = YES;
				"INFOPLIST_KEY_UIApplicationSceneManifest_Generation[sdk=iphoneos*]" = YES;
				"INFOPLIST_KEY_UIApplicationSceneManifest_Generation[sdk=iphonesimulator*]" = YES;
				"INFOPLIST_KEY_UIApplicationSupportsIndirectInputEvents[sdk=iphoneos*]" = YES;
				"INFOPLIST_KEY_UIApplicationSupportsIndirectInputEvents[sdk=iphonesimulator*]" = YES;
				"INFOPLIST_KEY_UILaunchScreen_Generation[sdk=iphoneos*]" = YES;
				"INFOPLIST_KEY_UILaunchScreen_Generation[sdk=iphonesimulator*]" = YES;
				"INFOPLIST_KEY_UIStatusBarStyle[sdk=iphoneos*]" = UIStatusBarStyleDefault;
				"INFOPLIST_KEY_UIStatusBarStyle[sdk=iphonesimulator*]" = UIStatusBarStyleDefault;
				INFOPLIST_KEY_UISupportedInterfaceOrientations_iPad = "UIInterfaceOrientationPortrait UIInterfaceOrientationPortraitUpsideDown UIInterfaceOrientationLandscapeLeft UIInterfaceOrientationLandscapeRight";
				INFOPLIST_KEY_UISupportedInterfaceOrientations_iPhone = "UIInterfaceOrientationPortrait UIInterfaceOrientationLandscapeLeft UIInterfaceOrientationLandscapeRight";
				IPHONEOS_DEPLOYMENT_TARGET = 16.4;
				LD_RUNPATH_SEARCH_PATHS = "@executable_path/Frameworks";
				"LD_RUNPATH_SEARCH_PATHS[sdk=macosx*]" = "@executable_path/../Frameworks";
				MACOSX_DEPLOYMENT_TARGET = 13.3;
				MARKETING_VERSION = 1.0;
				PRODUCT_BUNDLE_IDENTIFIER = moc.7240erp.gitcooperetionsample;
				PRODUCT_NAME = "$(TARGET_NAME)";
				SDKROOT = auto;
				SUPPORTED_PLATFORMS = "iphoneos iphonesimulator macosx";
				SWIFT_EMIT_LOC_STRINGS = YES;
				SWIFT_VERSION = 5.0;
				TARGETED_DEVICE_FAMILY = "1,2";
			};
			name = Debug;
		};
		815326E12AEB9777000490E7 /* Release */ = {
			isa = XCBuildConfiguration;
			buildSettings = {
				ASSETCATALOG_COMPILER_APPICON_NAME = AppIcon;
				ASSETCATALOG_COMPILER_GLOBAL_ACCENT_COLOR_NAME = AccentColor;
				CODE_SIGN_ENTITLEMENTS = gitcooperetionsample/gitcooperetionsample.entitlements;
				CODE_SIGN_STYLE = Automatic;
				CURRENT_PROJECT_VERSION = 1;
				DEVELOPMENT_ASSET_PATHS = "\"gitcooperetionsample/Preview Content\"";
				ENABLE_PREVIEWS = YES;
				GENERATE_INFOPLIST_FILE = YES;
				"INFOPLIST_KEY_UIApplicationSceneManifest_Generation[sdk=iphoneos*]" = YES;
				"INFOPLIST_KEY_UIApplicationSceneManifest_Generation[sdk=iphonesimulator*]" = YES;
				"INFOPLIST_KEY_UIApplicationSupportsIndirectInputEvents[sdk=iphoneos*]" = YES;
				"INFOPLIST_KEY_UIApplicationSupportsIndirectInputEvents[sdk=iphonesimulator*]" = YES;
				"INFOPLIST_KEY_UILaunchScreen_Generation[sdk=iphoneos*]" = YES;
				"INFOPLIST_KEY_UILaunchScreen_Generation[sdk=iphonesimulator*]" = YES;
				"INFOPLIST_KEY_UIStatusBarStyle[sdk=iphoneos*]" = UIStatusBarStyleDefault;
				"INFOPLIST_KEY_UIStatusBarStyle[sdk=iphonesimulator*]" = UIStatusBarStyleDefault;
				INFOPLIST_KEY_UISupportedInterfaceOrientations_iPad = "UIInterfaceOrientationPortrait UIInterfaceOrientationPortraitUpsideDown UIInterfaceOrientationLandscapeLeft UIInterfaceOrientationLandscapeRight";
				INFOPLIST_KEY_UISupportedInterfaceOrientations_iPhone = "UIInterfaceOrientationPortrait UIInterfaceOrientationLandscapeLeft UIInterfaceOrientationLandscapeRight";
				IPHONEOS_DEPLOYMENT_TARGET = 16.4;
				LD_RUNPATH_SEARCH_PATHS = "@executable_path/Frameworks";
				"LD_RUNPATH_SEARCH_PATHS[sdk=macosx*]" = "@executable_path/../Frameworks";
				MACOSX_DEPLOYMENT_TARGET = 13.3;
				MARKETING_VERSION = 1.0;
				PRODUCT_BUNDLE_IDENTIFIER = moc.7240erp.gitcooperetionsample;
				PRODUCT_NAME = "$(TARGET_NAME)";
				SDKROOT = auto;
				SUPPORTED_PLATFORMS = "iphoneos iphonesimulator macosx";
				SWIFT_EMIT_LOC_STRINGS = YES;
				SWIFT_VERSION = 5.0;
				TARGETED_DEVICE_FAMILY = "1,2";
			};
			name = Release;
		};
		815326E32AEB9777000490E7 /* Debug */ = {
			isa = XCBuildConfiguration;
			buildSettings = {
				ALWAYS_EMBED_SWIFT_STANDARD_LIBRARIES = YES;
				BUNDLE_LOADER = "$(TEST_HOST)";
				CODE_SIGN_STYLE = Automatic;
				CURRENT_PROJECT_VERSION = 1;
				GENERATE_INFOPLIST_FILE = YES;
				IPHONEOS_DEPLOYMENT_TARGET = 16.4;
				MACOSX_DEPLOYMENT_TARGET = 13.3;
				MARKETING_VERSION = 1.0;
				PRODUCT_BUNDLE_IDENTIFIER = moc.7240erp.gitcooperetionsampleTests;
				PRODUCT_NAME = "$(TARGET_NAME)";
				SDKROOT = auto;
				SUPPORTED_PLATFORMS = "iphoneos iphonesimulator macosx";
				SWIFT_EMIT_LOC_STRINGS = NO;
				SWIFT_VERSION = 5.0;
				TARGETED_DEVICE_FAMILY = "1,2";
				TEST_HOST = "$(BUILT_PRODUCTS_DIR)/gitcooperetionsample.app/$(BUNDLE_EXECUTABLE_FOLDER_PATH)/gitcooperetionsample";
			};
			name = Debug;
		};
		815326E42AEB9777000490E7 /* Release */ = {
			isa = XCBuildConfiguration;
			buildSettings = {
				ALWAYS_EMBED_SWIFT_STANDARD_LIBRARIES = YES;
				BUNDLE_LOADER = "$(TEST_HOST)";
				CODE_SIGN_STYLE = Automatic;
				CURRENT_PROJECT_VERSION = 1;
				GENERATE_INFOPLIST_FILE = YES;
				IPHONEOS_DEPLOYMENT_TARGET = 16.4;
				MACOSX_DEPLOYMENT_TARGET = 13.3;
				MARKETING_VERSION = 1.0;
				PRODUCT_BUNDLE_IDENTIFIER = moc.7240erp.gitcooperetionsampleTests;
				PRODUCT_NAME = "$(TARGET_NAME)";
				SDKROOT = auto;
				SUPPORTED_PLATFORMS = "iphoneos iphonesimulator macosx";
				SWIFT_EMIT_LOC_STRINGS = NO;
				SWIFT_VERSION = 5.0;
				TARGETED_DEVICE_FAMILY = "1,2";
				TEST_HOST = "$(BUILT_PRODUCTS_DIR)/gitcooperetionsample.app/$(BUNDLE_EXECUTABLE_FOLDER_PATH)/gitcooperetionsample";
			};
			name = Release;
		};
		815326E62AEB9777000490E7 /* Debug */ = {
			isa = XCBuildConfiguration;
			buildSettings = {
				ALWAYS_EMBED_SWIFT_STANDARD_LIBRARIES = YES;
				CODE_SIGN_STYLE = Automatic;
				CURRENT_PROJECT_VERSION = 1;
				GENERATE_INFOPLIST_FILE = YES;
				IPHONEOS_DEPLOYMENT_TARGET = 16.4;
				MACOSX_DEPLOYMENT_TARGET = 13.3;
				MARKETING_VERSION = 1.0;
				PRODUCT_BUNDLE_IDENTIFIER = moc.7240erp.gitcooperetionsampleUITests;
				PRODUCT_NAME = "$(TARGET_NAME)";
				SDKROOT = auto;
				SUPPORTED_PLATFORMS = "iphoneos iphonesimulator macosx";
				SWIFT_EMIT_LOC_STRINGS = NO;
				SWIFT_VERSION = 5.0;
				TARGETED_DEVICE_FAMILY = "1,2";
				TEST_TARGET_NAME = gitcooperetionsample;
			};
			name = Debug;
		};
		815326E72AEB9777000490E7 /* Release */ = {
			isa = XCBuildConfiguration;
			buildSettings = {
				ALWAYS_EMBED_SWIFT_STANDARD_LIBRARIES = YES;
				CODE_SIGN_STYLE = Automatic;
				CURRENT_PROJECT_VERSION = 1;
				GENERATE_INFOPLIST_FILE = YES;
				IPHONEOS_DEPLOYMENT_TARGET = 16.4;
				MACOSX_DEPLOYMENT_TARGET = 13.3;
				MARKETING_VERSION = 1.0;
				PRODUCT_BUNDLE_IDENTIFIER = moc.7240erp.gitcooperetionsampleUITests;
				PRODUCT_NAME = "$(TARGET_NAME)";
				SDKROOT = auto;
				SUPPORTED_PLATFORMS = "iphoneos iphonesimulator macosx";
				SWIFT_EMIT_LOC_STRINGS = NO;
				SWIFT_VERSION = 5.0;
				TARGETED_DEVICE_FAMILY = "1,2";
				TEST_TARGET_NAME = gitcooperetionsample;
			};
			name = Release;
		};
/* End XCBuildConfiguration section */

/* Begin XCConfigurationList section */
		815326B52AEB9775000490E7 /* Build configuration list for PBXProject "gitcooperetionsample" */ = {
			isa = XCConfigurationList;
			buildConfigurations = (
				815326DD2AEB9777000490E7 /* Debug */,
				815326DE2AEB9777000490E7 /* Release */,
			);
			defaultConfigurationIsVisible = 0;
			defaultConfigurationName = Release;
		};
		815326DF2AEB9777000490E7 /* Build configuration list for PBXNativeTarget "gitcooperetionsample" */ = {
			isa = XCConfigurationList;
			buildConfigurations = (
				815326E02AEB9777000490E7 /* Debug */,
				815326E12AEB9777000490E7 /* Release */,
			);
			defaultConfigurationIsVisible = 0;
			defaultConfigurationName = Release;
		};
		815326E22AEB9777000490E7 /* Build configuration list for PBXNativeTarget "gitcooperetionsampleTests" */ = {
			isa = XCConfigurationList;
			buildConfigurations = (
				815326E32AEB9777000490E7 /* Debug */,
				815326E42AEB9777000490E7 /* Release */,
			);
			defaultConfigurationIsVisible = 0;
			defaultConfigurationName = Release;
		};
		815326E52AEB9777000490E7 /* Build configuration list for PBXNativeTarget "gitcooperetionsampleUITests" */ = {
			isa = XCConfigurationList;
			buildConfigurations = (
				815326E62AEB9777000490E7 /* Debug */,
				815326E72AEB9777000490E7 /* Release */,
			);
			defaultConfigurationIsVisible = 0;
			defaultConfigurationName = Release;
		};
/* End XCConfigurationList section */
	};
	rootObject = 815326B22AEB9775000490E7 /* Project object */;
}
